<?xml version="1.0" encoding="utf-8"?>
<Project ToolsVersion="16.0" xmlns="http://schemas.microsoft.com/developer/msbuild/2003">
  <ItemGroup>
    <CustomBuild Include="D:\Anime\CMPN205 Phase 2+3 - Student Version(2)\CMPN205 Phase 2+3 - Student Version\build\CMakeFiles\145a27eb732f703d14a52ecc3484ae39\generate.stamp.rule">
      <Filter>CMake Rules</Filter>
    </CustomBuild>
  </ItemGroup>
  <ItemGroup>
    <Filter Include="CMake Rules">
      <UniqueIdentifier>{96E023B3-A0D4-35CE-9366-9BBC772CB61A}</UniqueIdentifier>
    </Filter>
  </ItemGroup>
</Project>
